
Microsoft Visual Studio Solution File, Format Version 12.00
# Visual Studio Version 16
VisualStudioVersion = 16.0.29728.190
MinimumVisualStudioVersion = 10.0.40219.1
Project("{9A19103F-16F7-4668-BE54-9A1E7A4F7556}") = "Snoozle", "Snoozle\Snoozle.csproj", "{CF21C65A-27D0-4063-B424-3AB7B45F86C4}"
EndProject
Project("{9A19103F-16F7-4668-BE54-9A1E7A4F7556}") = "Snoozle.Tests", "Snoozle.Tests\Snoozle.Tests.csproj", "{CCBD46EC-BBB7-46B3-A1D7-D666D55FD897}"
EndProject
Project("{2150E333-8FDC-42A3-9474-1A3956D46DE8}") = "Solution Items", "Solution Items", "{85162F42-E9B8-4804-AEEA-EA4275893EBF}"
	ProjectSection(SolutionItems) = preProject
		.editorconfig = .editorconfig
	EndProjectSection
EndProject
Project("{9A19103F-16F7-4668-BE54-9A1E7A4F7556}") = "Snoozle.InMemory", "Snoozle.InMemory\Snoozle.InMemory.csproj", "{FEDD6BE5-DD8B-4F44-A11E-C4772711F08F}"
EndProject
Project("{FAE04EC0-301F-11D3-BF4B-00C04F79EFBC}") = "Snoozle.TestHarness", "Snoozle.TestHarness\Snoozle.TestHarness.csproj", "{EBE8103F-AF97-401B-BF87-557E542FD4B7}"
EndProject
Global
	GlobalSection(SolutionConfigurationPlatforms) = preSolution
		Debug|Any CPU = Debug|Any CPU
		Release|Any CPU = Release|Any CPU
	EndGlobalSection
	GlobalSection(ProjectConfigurationPlatforms) = postSolution
		{CF21C65A-27D0-4063-B424-3AB7B45F86C4}.Debug|Any CPU.ActiveCfg = Debug|Any CPU
		{CF21C65A-27D0-4063-B424-3AB7B45F86C4}.Debug|Any CPU.Build.0 = Debug|Any CPU
		{CF21C65A-27D0-4063-B424-3AB7B45F86C4}.Release|Any CPU.ActiveCfg = Release|Any CPU
		{CF21C65A-27D0-4063-B424-3AB7B45F86C4}.Release|Any CPU.Build.0 = Release|Any CPU
		{CCBD46EC-BBB7-46B3-A1D7-D666D55FD897}.Debug|Any CPU.ActiveCfg = Debug|Any CPU
		{CCBD46EC-BBB7-46B3-A1D7-D666D55FD897}.Debug|Any CPU.Build.0 = Debug|Any CPU
		{CCBD46EC-BBB7-46B3-A1D7-D666D55FD897}.Release|Any CPU.ActiveCfg = Release|Any CPU
		{CCBD46EC-BBB7-46B3-A1D7-D666D55FD897}.Release|Any CPU.Build.0 = Release|Any CPU
		{FEDD6BE5-DD8B-4F44-A11E-C4772711F08F}.Debug|Any CPU.ActiveCfg = Debug|Any CPU
		{FEDD6BE5-DD8B-4F44-A11E-C4772711F08F}.Debug|Any CPU.Build.0 = Debug|Any CPU
		{FEDD6BE5-DD8B-4F44-A11E-C4772711F08F}.Release|Any CPU.ActiveCfg = Release|Any CPU
		{FEDD6BE5-DD8B-4F44-A11E-C4772711F08F}.Release|Any CPU.Build.0 = Release|Any CPU
		{EBE8103F-AF97-401B-BF87-557E542FD4B7}.Debug|Any CPU.ActiveCfg = Debug|Any CPU
		{EBE8103F-AF97-401B-BF87-557E542FD4B7}.Debug|Any CPU.Build.0 = Debug|Any CPU
		{EBE8103F-AF97-401B-BF87-557E542FD4B7}.Release|Any CPU.ActiveCfg = Release|Any CPU
		{EBE8103F-AF97-401B-BF87-557E542FD4B7}.Release|Any CPU.Build.0 = Release|Any CPU
	EndGlobalSection
	GlobalSection(SolutionProperties) = preSolution
		HideSolutionNode = FALSE
	EndGlobalSection
	GlobalSection(ExtensibilityGlobals) = postSolution
		SolutionGuid = {8E437DD1-DA1E-4D10-B5D8-1376948BE3A3}
	EndGlobalSection
EndGlobal
